
Microsoft Visual Studio Solution File, Format Version 12.00
# Visual Studio 15
VisualStudioVersion = 15.0.27428.2037
MinimumVisualStudioVersion = 10.0.40219.1
Project("{2150E333-8FDC-42A3-9474-1A3956D46DE8}") = "Solution Items", "Solution Items", "{BC18FF81-7F9B-4C1C-BA5C-3C40D9B5B330}"
	ProjectSection(SolutionItems) = preProject
		CreateDatabase.sql = CreateDatabase.sql
		Dockerfile = Dockerfile
		SchemaCreation.sql = SchemaCreation.sql
		SeedData.sql = SeedData.sql
	EndProjectSection
EndProject
Global
	GlobalSection(SolutionProperties) = preSolution
		HideSolutionNode = FALSE
	EndGlobalSection
	GlobalSection(ExtensibilityGlobals) = postSolution
		SolutionGuid = {EF68F4D4-5A92-4124-8B75-ACBE06FBCEA1}
	EndGlobalSection
EndGlobal
