
Microsoft Visual Studio Solution File, Format Version 12.00
# Visual Studio 15
VisualStudioVersion = 15.0.27428.2037
MinimumVisualStudioVersion = 10.0.40219.1
Project("{FAE04EC0-301F-11D3-BF4B-00C04F79EFBC}") = "CommerceLite", "dot-net\webAPI\CommerceLite\CommerceLite\CommerceLite.csproj", "{D0DA884D-D4FB-45D2-849F-F8B28A2156BB}"
EndProject
Project("{E53339B2-1760-4266-BCC7-CA923CBCF16C}") = "docker-compose", "docker-compose.dcproj", "{D94D5F45-F823-4227-B7BF-4076203F3D5B}"
EndProject
Project("{2150E333-8FDC-42A3-9474-1A3956D46DE8}") = "Solution Items", "Solution Items", "{BC18FF81-7F9B-4C1C-BA5C-3C40D9B5B330}"
	ProjectSection(SolutionItems) = preProject
		dot-net\db-scripts\CreateDatabase.sql = dot-net\db-scripts\CreateDatabase.sql
		dot-net\db-scripts\Dockerfile = dot-net\db-scripts\Dockerfile
		README.md = README.md
		dot-net\db-scripts\SchemaCreation.sql = dot-net\db-scripts\SchemaCreation.sql
		dot-net\db-scripts\SeedData.sql = dot-net\db-scripts\SeedData.sql
	EndProjectSection
EndProject
Global
	GlobalSection(SolutionConfigurationPlatforms) = preSolution
		Debug|Any CPU = Debug|Any CPU
		Release|Any CPU = Release|Any CPU
	EndGlobalSection
	GlobalSection(ProjectConfigurationPlatforms) = postSolution
		{D0DA884D-D4FB-45D2-849F-F8B28A2156BB}.Debug|Any CPU.ActiveCfg = Debug|Any CPU
		{D0DA884D-D4FB-45D2-849F-F8B28A2156BB}.Debug|Any CPU.Build.0 = Debug|Any CPU
		{D0DA884D-D4FB-45D2-849F-F8B28A2156BB}.Release|Any CPU.ActiveCfg = Release|Any CPU
		{D0DA884D-D4FB-45D2-849F-F8B28A2156BB}.Release|Any CPU.Build.0 = Release|Any CPU
		{D94D5F45-F823-4227-B7BF-4076203F3D5B}.Debug|Any CPU.ActiveCfg = Debug|Any CPU
		{D94D5F45-F823-4227-B7BF-4076203F3D5B}.Debug|Any CPU.Build.0 = Debug|Any CPU
		{D94D5F45-F823-4227-B7BF-4076203F3D5B}.Release|Any CPU.ActiveCfg = Release|Any CPU
		{D94D5F45-F823-4227-B7BF-4076203F3D5B}.Release|Any CPU.Build.0 = Release|Any CPU
	EndGlobalSection
	GlobalSection(SolutionProperties) = preSolution
		HideSolutionNode = FALSE
	EndGlobalSection
	GlobalSection(ExtensibilityGlobals) = postSolution
		SolutionGuid = {91B5833E-AA1F-405F-8DBD-2ED600AF4990}
	EndGlobalSection
EndGlobal
